
Microsoft Visual Studio Solution File, Format Version 12.00
# Visual Studio Version 17
VisualStudioVersion = 17.7.34031.279
MinimumVisualStudioVersion = 10.0.40219.1
Project("{FAE04EC0-301F-11D3-BF4B-00C04F79EFBC}") = "L12GUI", "L12GUI\L12GUI.csproj", "{EF401B3A-DD48-406A-9CC5-E12864B3D679}"
EndProject
Global
	GlobalSection(SolutionConfigurationPlatforms) = preSolution
		Debug|Any CPU = Debug|Any CPU
		Release|Any CPU = Release|Any CPU
	EndGlobalSection
	GlobalSection(ProjectConfigurationPlatforms) = postSolution
		{EF401B3A-DD48-406A-9CC5-E12864B3D679}.Debug|Any CPU.ActiveCfg = Debug|Any CPU
		{EF401B3A-DD48-406A-9CC5-E12864B3D679}.Debug|Any CPU.Build.0 = Debug|Any CPU
		{EF401B3A-DD48-406A-9CC5-E12864B3D679}.Release|Any CPU.ActiveCfg = Release|Any CPU
		{EF401B3A-DD48-406A-9CC5-E12864B3D679}.Release|Any CPU.Build.0 = Release|Any CPU
	EndGlobalSection
	GlobalSection(SolutionProperties) = preSolution
		HideSolutionNode = FALSE
	EndGlobalSection
	GlobalSection(ExtensibilityGlobals) = postSolution
		SolutionGuid = {DC106355-0451-4397-AAA8-E254AA7FAE64}
	EndGlobalSection
EndGlobal
